
Microsoft Visual Studio Solution File, Format Version 12.00
# Visual Studio Version 16
VisualStudioVersion = 16.0.31025.218
MinimumVisualStudioVersion = 10.0.40219.1
Project("{FAE04EC0-301F-11D3-BF4B-00C04F79EFBC}") = "DbInsert", "DbInsert\DbInsert.csproj", "{E46CBBE7-7BF3-4AA3-87A2-29140E3899C6}"
EndProject
Global
	GlobalSection(SolutionConfigurationPlatforms) = preSolution
		Debug|Any CPU = Debug|Any CPU
		Release|Any CPU = Release|Any CPU
	EndGlobalSection
	GlobalSection(ProjectConfigurationPlatforms) = postSolution
		{E46CBBE7-7BF3-4AA3-87A2-29140E3899C6}.Debug|Any CPU.ActiveCfg = Debug|Any CPU
		{E46CBBE7-7BF3-4AA3-87A2-29140E3899C6}.Debug|Any CPU.Build.0 = Debug|Any CPU
		{E46CBBE7-7BF3-4AA3-87A2-29140E3899C6}.Release|Any CPU.ActiveCfg = Release|Any CPU
		{E46CBBE7-7BF3-4AA3-87A2-29140E3899C6}.Release|Any CPU.Build.0 = Release|Any CPU
	EndGlobalSection
	GlobalSection(SolutionProperties) = preSolution
		HideSolutionNode = FALSE
	EndGlobalSection
	GlobalSection(ExtensibilityGlobals) = postSolution
		SolutionGuid = {CA8C3111-3E4E-4C65-A7A1-BCE966A6F92A}
	EndGlobalSection
EndGlobal
